
Microsoft Visual Studio Solution File, Format Version 12.00
# Visual Studio Version 16
VisualStudioVersion = 16.0.28902.138
MinimumVisualStudioVersion = 10.0.40219.1
Project("{FAE04EC0-301F-11D3-BF4B-00C04F79EFBC}") = "MIUI-Theme-Downloader", "MIUI-Theme-Downloader\MIUI-Theme-Downloader\MIUI-Theme-Downloader.csproj", "{C268B524-E3CC-4844-AF31-F5706D1A2C80}"
EndProject
Project("{FAE04EC0-301F-11D3-BF4B-00C04F79EFBC}") = "MIUI_Theme_Magiskizer", "MIUI_Theme_Magiskizer-master\MIUI_Theme_Magiskizer.csproj", "{3D5A3937-A76B-4F07-8474-CC2C9951C81A}"
EndProject
Global
	GlobalSection(SolutionConfigurationPlatforms) = preSolution
		Debug|Any CPU = Debug|Any CPU
		Release|Any CPU = Release|Any CPU
	EndGlobalSection
	GlobalSection(ProjectConfigurationPlatforms) = postSolution
		{C268B524-E3CC-4844-AF31-F5706D1A2C80}.Debug|Any CPU.ActiveCfg = Debug|Any CPU
		{C268B524-E3CC-4844-AF31-F5706D1A2C80}.Debug|Any CPU.Build.0 = Debug|Any CPU
		{C268B524-E3CC-4844-AF31-F5706D1A2C80}.Release|Any CPU.ActiveCfg = Release|Any CPU
		{C268B524-E3CC-4844-AF31-F5706D1A2C80}.Release|Any CPU.Build.0 = Release|Any CPU
		{3D5A3937-A76B-4F07-8474-CC2C9951C81A}.Debug|Any CPU.ActiveCfg = Debug|Any CPU
		{3D5A3937-A76B-4F07-8474-CC2C9951C81A}.Debug|Any CPU.Build.0 = Debug|Any CPU
		{3D5A3937-A76B-4F07-8474-CC2C9951C81A}.Release|Any CPU.ActiveCfg = Release|Any CPU
		{3D5A3937-A76B-4F07-8474-CC2C9951C81A}.Release|Any CPU.Build.0 = Release|Any CPU
	EndGlobalSection
	GlobalSection(SolutionProperties) = preSolution
		HideSolutionNode = FALSE
	EndGlobalSection
	GlobalSection(ExtensibilityGlobals) = postSolution
		SolutionGuid = {5CC19976-3CF1-463A-8D2F-3F790FE75656}
	EndGlobalSection
EndGlobal
